
Microsoft Visual Studio Solution File, Format Version 12.00
Project("{2150E333-8FDC-42A3-9474-1A3956D46DE8}") = "src", "src", "{3D1DEC6A-F99C-4A24-9E0F-1BAF017C0A66}"
EndProject
Project("{2150E333-8FDC-42A3-9474-1A3956D46DE8}") = "API", "API", "{70BE001A-BBD2-43D2-8685-99AF6FD1E3D2}"
EndProject
Project("{2150E333-8FDC-42A3-9474-1A3956D46DE8}") = "Core", "Core", "{CD1E89A2-A7C1-4B6C-8E9F-0DE5D5ED6965}"
EndProject
Project("{2150E333-8FDC-42A3-9474-1A3956D46DE8}") = "Infrastucture", "Infrastucture", "{B15A803C-FCE1-442C-86FE-CA413A149F8C}"
EndProject
Project("{2150E333-8FDC-42A3-9474-1A3956D46DE8}") = "UI", "UI", "{E2EA08A8-89DB-4257-BD25-CD21A9E48B47}"
EndProject
Project("{2150E333-8FDC-42A3-9474-1A3956D46DE8}") = "test", "test", "{2CAA0376-2B88-4D82-ACAE-F3F21BF6BD0C}"
EndProject
Project("{FAE04EC0-301F-11D3-BF4B-00C04F79EFBC}") = "GlobalTicket.Domain", "GlobalTicket.Domain\GlobalTicket.Domain.csproj", "{E039C288-B63E-4857-828C-A45E69A02CE8}"
EndProject
Project("{FAE04EC0-301F-11D3-BF4B-00C04F79EFBC}") = "GlobalTicket.Application", "GlobalTicket.Application\GlobalTicket.Application.csproj", "{D77DB9BF-FA8E-4AE4-8910-01DFAC164A90}"
EndProject
Project("{FAE04EC0-301F-11D3-BF4B-00C04F79EFBC}") = "GlobalTicket.Persistence", "GlobalTicket.Persistence\GlobalTicket.Persistence.csproj", "{3A16A0AD-5926-4CE0-AB38-CC7AA5027F25}"
EndProject
Project("{FAE04EC0-301F-11D3-BF4B-00C04F79EFBC}") = "GlobalTicket.Api", "GlobalTicket.Api\GlobalTicket.Api.csproj", "{1D817C9D-E9E1-4E30-8BBD-27D4BA916F9C}"
EndProject
Global
	GlobalSection(SolutionConfigurationPlatforms) = preSolution
		Debug|Any CPU = Debug|Any CPU
		Release|Any CPU = Release|Any CPU
	EndGlobalSection
	GlobalSection(ProjectConfigurationPlatforms) = postSolution
		{E039C288-B63E-4857-828C-A45E69A02CE8}.Debug|Any CPU.ActiveCfg = Debug|Any CPU
		{E039C288-B63E-4857-828C-A45E69A02CE8}.Debug|Any CPU.Build.0 = Debug|Any CPU
		{E039C288-B63E-4857-828C-A45E69A02CE8}.Release|Any CPU.ActiveCfg = Release|Any CPU
		{E039C288-B63E-4857-828C-A45E69A02CE8}.Release|Any CPU.Build.0 = Release|Any CPU
		{D77DB9BF-FA8E-4AE4-8910-01DFAC164A90}.Debug|Any CPU.ActiveCfg = Debug|Any CPU
		{D77DB9BF-FA8E-4AE4-8910-01DFAC164A90}.Debug|Any CPU.Build.0 = Debug|Any CPU
		{D77DB9BF-FA8E-4AE4-8910-01DFAC164A90}.Release|Any CPU.ActiveCfg = Release|Any CPU
		{D77DB9BF-FA8E-4AE4-8910-01DFAC164A90}.Release|Any CPU.Build.0 = Release|Any CPU
		{3A16A0AD-5926-4CE0-AB38-CC7AA5027F25}.Debug|Any CPU.ActiveCfg = Debug|Any CPU
		{3A16A0AD-5926-4CE0-AB38-CC7AA5027F25}.Debug|Any CPU.Build.0 = Debug|Any CPU
		{3A16A0AD-5926-4CE0-AB38-CC7AA5027F25}.Release|Any CPU.ActiveCfg = Release|Any CPU
		{3A16A0AD-5926-4CE0-AB38-CC7AA5027F25}.Release|Any CPU.Build.0 = Release|Any CPU
		{1D817C9D-E9E1-4E30-8BBD-27D4BA916F9C}.Debug|Any CPU.ActiveCfg = Debug|Any CPU
		{1D817C9D-E9E1-4E30-8BBD-27D4BA916F9C}.Debug|Any CPU.Build.0 = Debug|Any CPU
		{1D817C9D-E9E1-4E30-8BBD-27D4BA916F9C}.Release|Any CPU.ActiveCfg = Release|Any CPU
		{1D817C9D-E9E1-4E30-8BBD-27D4BA916F9C}.Release|Any CPU.Build.0 = Release|Any CPU
	EndGlobalSection
	GlobalSection(NestedProjects) = preSolution
		{70BE001A-BBD2-43D2-8685-99AF6FD1E3D2} = {3D1DEC6A-F99C-4A24-9E0F-1BAF017C0A66}
		{CD1E89A2-A7C1-4B6C-8E9F-0DE5D5ED6965} = {3D1DEC6A-F99C-4A24-9E0F-1BAF017C0A66}
		{B15A803C-FCE1-442C-86FE-CA413A149F8C} = {3D1DEC6A-F99C-4A24-9E0F-1BAF017C0A66}
		{E2EA08A8-89DB-4257-BD25-CD21A9E48B47} = {3D1DEC6A-F99C-4A24-9E0F-1BAF017C0A66}
		{E039C288-B63E-4857-828C-A45E69A02CE8} = {CD1E89A2-A7C1-4B6C-8E9F-0DE5D5ED6965}
		{D77DB9BF-FA8E-4AE4-8910-01DFAC164A90} = {CD1E89A2-A7C1-4B6C-8E9F-0DE5D5ED6965}
		{3A16A0AD-5926-4CE0-AB38-CC7AA5027F25} = {B15A803C-FCE1-442C-86FE-CA413A149F8C}
		{1D817C9D-E9E1-4E30-8BBD-27D4BA916F9C} = {70BE001A-BBD2-43D2-8685-99AF6FD1E3D2}
	EndGlobalSection
EndGlobal
